
Microsoft Visual Studio Solution File, Format Version 12.00
# Visual Studio Version 17
VisualStudioVersion = 17.12.35527.113 d17.12
MinimumVisualStudioVersion = 10.0.40219.1
Project("{FAE04EC0-301F-11D3-BF4B-00C04F79EFBC}") = "RestaurantWebSite", "RestaurantWebSite.csproj", "{416DC00E-1428-4BA2-A6ED-00EBAB53F6FD}"
EndProject
Project("{FAE04EC0-301F-11D3-BF4B-00C04F79EFBC}") = "RestaurantWebApi.DataAccess", "..\RestaurantWebApi.DataAccess\RestaurantWebApi.DataAccess.csproj", "{0489AE8F-66E0-4C08-89A8-C0B3E66D308C}"
EndProject
Project("{FAE04EC0-301F-11D3-BF4B-00C04F79EFBC}") = "RestaurantWebApi.Model", "..\RestaurantWebApi.Model\RestaurantWebApi.Model.csproj", "{13B5106B-B749-4577-B3DB-7D9DA7CF3A54}"
EndProject
Project("{FAE04EC0-301F-11D3-BF4B-00C04F79EFBC}") = "RestaurantWebApi.Migration", "..\RestaurantWebApi.Migration\RestaurantWebApi.Migration.csproj", "{A10E2AE2-06A0-4D0A-B495-3B144B39AFB7}"
EndProject
Global
	GlobalSection(SolutionConfigurationPlatforms) = preSolution
		Debug|Any CPU = Debug|Any CPU
		Release|Any CPU = Release|Any CPU
	EndGlobalSection
	GlobalSection(ProjectConfigurationPlatforms) = postSolution
		{416DC00E-1428-4BA2-A6ED-00EBAB53F6FD}.Debug|Any CPU.ActiveCfg = Debug|Any CPU
		{416DC00E-1428-4BA2-A6ED-00EBAB53F6FD}.Debug|Any CPU.Build.0 = Debug|Any CPU
		{416DC00E-1428-4BA2-A6ED-00EBAB53F6FD}.Release|Any CPU.ActiveCfg = Release|Any CPU
		{416DC00E-1428-4BA2-A6ED-00EBAB53F6FD}.Release|Any CPU.Build.0 = Release|Any CPU
		{0489AE8F-66E0-4C08-89A8-C0B3E66D308C}.Debug|Any CPU.ActiveCfg = Debug|Any CPU
		{0489AE8F-66E0-4C08-89A8-C0B3E66D308C}.Debug|Any CPU.Build.0 = Debug|Any CPU
		{0489AE8F-66E0-4C08-89A8-C0B3E66D308C}.Release|Any CPU.ActiveCfg = Release|Any CPU
		{0489AE8F-66E0-4C08-89A8-C0B3E66D308C}.Release|Any CPU.Build.0 = Release|Any CPU
		{13B5106B-B749-4577-B3DB-7D9DA7CF3A54}.Debug|Any CPU.ActiveCfg = Debug|Any CPU
		{13B5106B-B749-4577-B3DB-7D9DA7CF3A54}.Debug|Any CPU.Build.0 = Debug|Any CPU
		{13B5106B-B749-4577-B3DB-7D9DA7CF3A54}.Release|Any CPU.ActiveCfg = Release|Any CPU
		{13B5106B-B749-4577-B3DB-7D9DA7CF3A54}.Release|Any CPU.Build.0 = Release|Any CPU
		{A10E2AE2-06A0-4D0A-B495-3B144B39AFB7}.Debug|Any CPU.ActiveCfg = Debug|Any CPU
		{A10E2AE2-06A0-4D0A-B495-3B144B39AFB7}.Debug|Any CPU.Build.0 = Debug|Any CPU
		{A10E2AE2-06A0-4D0A-B495-3B144B39AFB7}.Release|Any CPU.ActiveCfg = Release|Any CPU
		{A10E2AE2-06A0-4D0A-B495-3B144B39AFB7}.Release|Any CPU.Build.0 = Release|Any CPU
	EndGlobalSection
	GlobalSection(SolutionProperties) = preSolution
		HideSolutionNode = FALSE
	EndGlobalSection
EndGlobal
